
Microsoft Visual Studio Solution File, Format Version 12.00
# Visual Studio 2012
Project("{FAE04EC0-301F-11D3-BF4B-00C04F79EFBC}") = "HollywoodBowl.iOS", "HollywoodBowl.iOS\HollywoodBowl.iOS.csproj", "{DD47FDD8-C6CA-4C26-9A78-4E4BEDDBF0DE}"
EndProject
Project("{FAE04EC0-301F-11D3-BF4B-00C04F79EFBC}") = "LAPhil.HTTP", "LAPhil.HTTP\LAPhil.HTTP.csproj", "{C7F2E777-3A10-47CD-8396-6F196A570763}"
EndProject
Project("{FAE04EC0-301F-11D3-BF4B-00C04F79EFBC}") = "LAPhil.Logging", "LAPhil.Logging\LAPhil.Logging.csproj", "{8C1549ED-15FB-4494-8316-6DEEFFCA79E3}"
EndProject
Project("{FAE04EC0-301F-11D3-BF4B-00C04F79EFBC}") = "LAPhil.Application", "LAPhil.Application\LAPhil.Application.csproj", "{72A223AF-26C7-4633-AABD-027F2AD121B4}"
EndProject
Project("{FAE04EC0-301F-11D3-BF4B-00C04F79EFBC}") = "LAPhil.Connectivity", "LAPhil.Connectivity\LAPhil.Connectivity.csproj", "{703AA085-7F78-4276-9611-5C28A35374BC}"
EndProject
Project("{FAE04EC0-301F-11D3-BF4B-00C04F79EFBC}") = "HollywoodBowl.Services", "HollywoodBowl.Services\HollywoodBowl.Services.csproj", "{AA3854BC-6D8B-44B1-9A0F-02FDBD362D08}"
EndProject
Project("{FAE04EC0-301F-11D3-BF4B-00C04F79EFBC}") = "LAPhil.Cache", "LAPhil.Cache\LAPhil.Cache.csproj", "{20D8D5FC-32DC-433C-9906-75EBEB1ABF60}"
EndProject
Project("{FAE04EC0-301F-11D3-BF4B-00C04F79EFBC}") = "HollywoodBowl.Droid", "HollywoodBowl.Droid\HollywoodBowl.Droid.csproj", "{AB22AD9D-E646-4A5C-AF64-1664A3BA1911}"
EndProject
Project("{FAE04EC0-301F-11D3-BF4B-00C04F79EFBC}") = "LAPhil.iOS", "LAPhil.iOS\LAPhil.iOS.csproj", "{C1419B59-2D9C-4D4B-BC3F-59AA5C19011D}"
EndProject
Project("{FAE04EC0-301F-11D3-BF4B-00C04F79EFBC}") = "LAPhil.Droid", "LAPhil.Droid\LAPhil.Droid.csproj", "{DD299C11-4DCB-4339-B388-F4FDAD64A581}"
EndProject
Project("{FAE04EC0-301F-11D3-BF4B-00C04F79EFBC}") = "LAPhil.Analytics", "LAPhil.Analytics\LAPhil.Analytics.csproj", "{AD3C6512-53AF-4BF6-B12E-2B7D9CFC7046}"
EndProject
Project("{FAE04EC0-301F-11D3-BF4B-00C04F79EFBC}") = "HollywoodBowl.Services.Tests", "HollywoodBowl.Services.Tests\HollywoodBowl.Services.Tests.csproj", "{F9C9FD8E-02A4-4DCC-8B88-5D2BCEC968A5}"
EndProject
Project("{FAE04EC0-301F-11D3-BF4B-00C04F79EFBC}") = "LAPhil.Routing", "LAPhil.Routing\LAPhil.Routing.csproj", "{138FF7B2-D828-4693-8337-AA8A515B7BB8}"
EndProject
Global
	GlobalSection(SolutionConfigurationPlatforms) = preSolution
		Debug|Any CPU = Debug|Any CPU
		Release|Any CPU = Release|Any CPU
		Debug|iPhoneSimulator = Debug|iPhoneSimulator
		Release|iPhone = Release|iPhone
		Release|iPhoneSimulator = Release|iPhoneSimulator
		Debug|iPhone = Debug|iPhone
	EndGlobalSection
	GlobalSection(ProjectConfigurationPlatforms) = postSolution
		{DD47FDD8-C6CA-4C26-9A78-4E4BEDDBF0DE}.Debug|Any CPU.ActiveCfg = Debug|iPhoneSimulator
		{DD47FDD8-C6CA-4C26-9A78-4E4BEDDBF0DE}.Debug|Any CPU.Build.0 = Debug|iPhoneSimulator
		{DD47FDD8-C6CA-4C26-9A78-4E4BEDDBF0DE}.Release|Any CPU.ActiveCfg = Release|iPhone
		{DD47FDD8-C6CA-4C26-9A78-4E4BEDDBF0DE}.Release|Any CPU.Build.0 = Release|iPhone
		{DD47FDD8-C6CA-4C26-9A78-4E4BEDDBF0DE}.Debug|iPhoneSimulator.ActiveCfg = Debug|iPhoneSimulator
		{DD47FDD8-C6CA-4C26-9A78-4E4BEDDBF0DE}.Debug|iPhoneSimulator.Build.0 = Debug|iPhoneSimulator
		{DD47FDD8-C6CA-4C26-9A78-4E4BEDDBF0DE}.Release|iPhone.ActiveCfg = Release|iPhone
		{DD47FDD8-C6CA-4C26-9A78-4E4BEDDBF0DE}.Release|iPhone.Build.0 = Release|iPhone
		{DD47FDD8-C6CA-4C26-9A78-4E4BEDDBF0DE}.Release|iPhoneSimulator.ActiveCfg = Release|iPhoneSimulator
		{DD47FDD8-C6CA-4C26-9A78-4E4BEDDBF0DE}.Release|iPhoneSimulator.Build.0 = Release|iPhoneSimulator
		{DD47FDD8-C6CA-4C26-9A78-4E4BEDDBF0DE}.Debug|iPhone.ActiveCfg = Debug|iPhone
		{DD47FDD8-C6CA-4C26-9A78-4E4BEDDBF0DE}.Debug|iPhone.Build.0 = Debug|iPhone
		{C7F2E777-3A10-47CD-8396-6F196A570763}.Debug|Any CPU.ActiveCfg = Debug|Any CPU
		{C7F2E777-3A10-47CD-8396-6F196A570763}.Debug|Any CPU.Build.0 = Debug|Any CPU
		{C7F2E777-3A10-47CD-8396-6F196A570763}.Release|Any CPU.ActiveCfg = Release|Any CPU
		{C7F2E777-3A10-47CD-8396-6F196A570763}.Release|Any CPU.Build.0 = Release|Any CPU
		{C7F2E777-3A10-47CD-8396-6F196A570763}.Debug|iPhoneSimulator.ActiveCfg = Debug|Any CPU
		{C7F2E777-3A10-47CD-8396-6F196A570763}.Debug|iPhoneSimulator.Build.0 = Debug|Any CPU
		{C7F2E777-3A10-47CD-8396-6F196A570763}.Release|iPhone.ActiveCfg = Release|Any CPU
		{C7F2E777-3A10-47CD-8396-6F196A570763}.Release|iPhone.Build.0 = Release|Any CPU
		{C7F2E777-3A10-47CD-8396-6F196A570763}.Release|iPhoneSimulator.ActiveCfg = Release|Any CPU
		{C7F2E777-3A10-47CD-8396-6F196A570763}.Release|iPhoneSimulator.Build.0 = Release|Any CPU
		{C7F2E777-3A10-47CD-8396-6F196A570763}.Debug|iPhone.ActiveCfg = Debug|Any CPU
		{C7F2E777-3A10-47CD-8396-6F196A570763}.Debug|iPhone.Build.0 = Debug|Any CPU
		{8C1549ED-15FB-4494-8316-6DEEFFCA79E3}.Debug|Any CPU.ActiveCfg = Debug|Any CPU
		{8C1549ED-15FB-4494-8316-6DEEFFCA79E3}.Debug|Any CPU.Build.0 = Debug|Any CPU
		{8C1549ED-15FB-4494-8316-6DEEFFCA79E3}.Release|Any CPU.ActiveCfg = Release|Any CPU
		{8C1549ED-15FB-4494-8316-6DEEFFCA79E3}.Release|Any CPU.Build.0 = Release|Any CPU
		{8C1549ED-15FB-4494-8316-6DEEFFCA79E3}.Debug|iPhoneSimulator.ActiveCfg = Debug|Any CPU
		{8C1549ED-15FB-4494-8316-6DEEFFCA79E3}.Debug|iPhoneSimulator.Build.0 = Debug|Any CPU
		{8C1549ED-15FB-4494-8316-6DEEFFCA79E3}.Release|iPhone.ActiveCfg = Release|Any CPU
		{8C1549ED-15FB-4494-8316-6DEEFFCA79E3}.Release|iPhone.Build.0 = Release|Any CPU
		{8C1549ED-15FB-4494-8316-6DEEFFCA79E3}.Release|iPhoneSimulator.ActiveCfg = Release|Any CPU
		{8C1549ED-15FB-4494-8316-6DEEFFCA79E3}.Release|iPhoneSimulator.Build.0 = Release|Any CPU
		{8C1549ED-15FB-4494-8316-6DEEFFCA79E3}.Debug|iPhone.ActiveCfg = Debug|Any CPU
		{8C1549ED-15FB-4494-8316-6DEEFFCA79E3}.Debug|iPhone.Build.0 = Debug|Any CPU
		{72A223AF-26C7-4633-AABD-027F2AD121B4}.Debug|Any CPU.ActiveCfg = Debug|Any CPU
		{72A223AF-26C7-4633-AABD-027F2AD121B4}.Debug|Any CPU.Build.0 = Debug|Any CPU
		{72A223AF-26C7-4633-AABD-027F2AD121B4}.Release|Any CPU.ActiveCfg = Release|Any CPU
		{72A223AF-26C7-4633-AABD-027F2AD121B4}.Release|Any CPU.Build.0 = Release|Any CPU
		{72A223AF-26C7-4633-AABD-027F2AD121B4}.Debug|iPhoneSimulator.ActiveCfg = Debug|Any CPU
		{72A223AF-26C7-4633-AABD-027F2AD121B4}.Debug|iPhoneSimulator.Build.0 = Debug|Any CPU
		{72A223AF-26C7-4633-AABD-027F2AD121B4}.Release|iPhone.ActiveCfg = Release|Any CPU
		{72A223AF-26C7-4633-AABD-027F2AD121B4}.Release|iPhone.Build.0 = Release|Any CPU
		{72A223AF-26C7-4633-AABD-027F2AD121B4}.Release|iPhoneSimulator.ActiveCfg = Release|Any CPU
		{72A223AF-26C7-4633-AABD-027F2AD121B4}.Release|iPhoneSimulator.Build.0 = Release|Any CPU
		{72A223AF-26C7-4633-AABD-027F2AD121B4}.Debug|iPhone.ActiveCfg = Debug|Any CPU
		{72A223AF-26C7-4633-AABD-027F2AD121B4}.Debug|iPhone.Build.0 = Debug|Any CPU
		{703AA085-7F78-4276-9611-5C28A35374BC}.Debug|Any CPU.ActiveCfg = Debug|Any CPU
		{703AA085-7F78-4276-9611-5C28A35374BC}.Debug|Any CPU.Build.0 = Debug|Any CPU
		{703AA085-7F78-4276-9611-5C28A35374BC}.Release|Any CPU.ActiveCfg = Release|Any CPU
		{703AA085-7F78-4276-9611-5C28A35374BC}.Release|Any CPU.Build.0 = Release|Any CPU
		{703AA085-7F78-4276-9611-5C28A35374BC}.Debug|iPhoneSimulator.ActiveCfg = Debug|Any CPU
		{703AA085-7F78-4276-9611-5C28A35374BC}.Debug|iPhoneSimulator.Build.0 = Debug|Any CPU
		{703AA085-7F78-4276-9611-5C28A35374BC}.Release|iPhone.ActiveCfg = Release|Any CPU
		{703AA085-7F78-4276-9611-5C28A35374BC}.Release|iPhone.Build.0 = Release|Any CPU
		{703AA085-7F78-4276-9611-5C28A35374BC}.Release|iPhoneSimulator.ActiveCfg = Release|Any CPU
		{703AA085-7F78-4276-9611-5C28A35374BC}.Release|iPhoneSimulator.Build.0 = Release|Any CPU
		{703AA085-7F78-4276-9611-5C28A35374BC}.Debug|iPhone.ActiveCfg = Debug|Any CPU
		{703AA085-7F78-4276-9611-5C28A35374BC}.Debug|iPhone.Build.0 = Debug|Any CPU
		{AA3854BC-6D8B-44B1-9A0F-02FDBD362D08}.Debug|Any CPU.ActiveCfg = Debug|Any CPU
		{AA3854BC-6D8B-44B1-9A0F-02FDBD362D08}.Debug|Any CPU.Build.0 = Debug|Any CPU
		{AA3854BC-6D8B-44B1-9A0F-02FDBD362D08}.Release|Any CPU.ActiveCfg = Release|Any CPU
		{AA3854BC-6D8B-44B1-9A0F-02FDBD362D08}.Release|Any CPU.Build.0 = Release|Any CPU
		{AA3854BC-6D8B-44B1-9A0F-02FDBD362D08}.Debug|iPhoneSimulator.ActiveCfg = Debug|Any CPU
		{AA3854BC-6D8B-44B1-9A0F-02FDBD362D08}.Debug|iPhoneSimulator.Build.0 = Debug|Any CPU
		{AA3854BC-6D8B-44B1-9A0F-02FDBD362D08}.Release|iPhone.ActiveCfg = Release|Any CPU
		{AA3854BC-6D8B-44B1-9A0F-02FDBD362D08}.Release|iPhone.Build.0 = Release|Any CPU
		{AA3854BC-6D8B-44B1-9A0F-02FDBD362D08}.Release|iPhoneSimulator.ActiveCfg = Release|Any CPU
		{AA3854BC-6D8B-44B1-9A0F-02FDBD362D08}.Release|iPhoneSimulator.Build.0 = Release|Any CPU
		{AA3854BC-6D8B-44B1-9A0F-02FDBD362D08}.Debug|iPhone.ActiveCfg = Debug|Any CPU
		{AA3854BC-6D8B-44B1-9A0F-02FDBD362D08}.Debug|iPhone.Build.0 = Debug|Any CPU
		{20D8D5FC-32DC-433C-9906-75EBEB1ABF60}.Debug|Any CPU.ActiveCfg = Debug|Any CPU
		{20D8D5FC-32DC-433C-9906-75EBEB1ABF60}.Debug|Any CPU.Build.0 = Debug|Any CPU
		{20D8D5FC-32DC-433C-9906-75EBEB1ABF60}.Release|Any CPU.ActiveCfg = Release|Any CPU
		{20D8D5FC-32DC-433C-9906-75EBEB1ABF60}.Release|Any CPU.Build.0 = Release|Any CPU
		{20D8D5FC-32DC-433C-9906-75EBEB1ABF60}.Debug|iPhoneSimulator.ActiveCfg = Debug|Any CPU
		{20D8D5FC-32DC-433C-9906-75EBEB1ABF60}.Debug|iPhoneSimulator.Build.0 = Debug|Any CPU
		{20D8D5FC-32DC-433C-9906-75EBEB1ABF60}.Release|iPhone.ActiveCfg = Release|Any CPU
		{20D8D5FC-32DC-433C-9906-75EBEB1ABF60}.Release|iPhone.Build.0 = Release|Any CPU
		{20D8D5FC-32DC-433C-9906-75EBEB1ABF60}.Release|iPhoneSimulator.ActiveCfg = Release|Any CPU
		{20D8D5FC-32DC-433C-9906-75EBEB1ABF60}.Release|iPhoneSimulator.Build.0 = Release|Any CPU
		{20D8D5FC-32DC-433C-9906-75EBEB1ABF60}.Debug|iPhone.ActiveCfg = Debug|Any CPU
		{20D8D5FC-32DC-433C-9906-75EBEB1ABF60}.Debug|iPhone.Build.0 = Debug|Any CPU
		{AB22AD9D-E646-4A5C-AF64-1664A3BA1911}.Debug|Any CPU.ActiveCfg = Debug|Any CPU
		{AB22AD9D-E646-4A5C-AF64-1664A3BA1911}.Debug|Any CPU.Build.0 = Debug|Any CPU
		{AB22AD9D-E646-4A5C-AF64-1664A3BA1911}.Release|Any CPU.ActiveCfg = Release|Any CPU
		{AB22AD9D-E646-4A5C-AF64-1664A3BA1911}.Release|Any CPU.Build.0 = Release|Any CPU
		{AB22AD9D-E646-4A5C-AF64-1664A3BA1911}.Debug|iPhoneSimulator.ActiveCfg = Debug|Any CPU
		{AB22AD9D-E646-4A5C-AF64-1664A3BA1911}.Debug|iPhoneSimulator.Build.0 = Debug|Any CPU
		{AB22AD9D-E646-4A5C-AF64-1664A3BA1911}.Release|iPhone.ActiveCfg = Release|Any CPU
		{AB22AD9D-E646-4A5C-AF64-1664A3BA1911}.Release|iPhone.Build.0 = Release|Any CPU
		{AB22AD9D-E646-4A5C-AF64-1664A3BA1911}.Release|iPhoneSimulator.ActiveCfg = Release|Any CPU
		{AB22AD9D-E646-4A5C-AF64-1664A3BA1911}.Release|iPhoneSimulator.Build.0 = Release|Any CPU
		{AB22AD9D-E646-4A5C-AF64-1664A3BA1911}.Debug|iPhone.ActiveCfg = Debug|Any CPU
		{AB22AD9D-E646-4A5C-AF64-1664A3BA1911}.Debug|iPhone.Build.0 = Debug|Any CPU
		{C1419B59-2D9C-4D4B-BC3F-59AA5C19011D}.Debug|Any CPU.ActiveCfg = Debug|iPhoneSimulator
		{C1419B59-2D9C-4D4B-BC3F-59AA5C19011D}.Debug|Any CPU.Build.0 = Debug|iPhoneSimulator
		{C1419B59-2D9C-4D4B-BC3F-59AA5C19011D}.Release|Any CPU.ActiveCfg = Release|iPhone
		{C1419B59-2D9C-4D4B-BC3F-59AA5C19011D}.Release|Any CPU.Build.0 = Release|iPhone
		{C1419B59-2D9C-4D4B-BC3F-59AA5C19011D}.Debug|iPhoneSimulator.ActiveCfg = Debug|iPhoneSimulator
		{C1419B59-2D9C-4D4B-BC3F-59AA5C19011D}.Debug|iPhoneSimulator.Build.0 = Debug|iPhoneSimulator
		{C1419B59-2D9C-4D4B-BC3F-59AA5C19011D}.Release|iPhone.ActiveCfg = Release|iPhone
		{C1419B59-2D9C-4D4B-BC3F-59AA5C19011D}.Release|iPhone.Build.0 = Release|iPhone
		{C1419B59-2D9C-4D4B-BC3F-59AA5C19011D}.Release|iPhoneSimulator.ActiveCfg = Release|iPhoneSimulator
		{C1419B59-2D9C-4D4B-BC3F-59AA5C19011D}.Release|iPhoneSimulator.Build.0 = Release|iPhoneSimulator
		{C1419B59-2D9C-4D4B-BC3F-59AA5C19011D}.Debug|iPhone.ActiveCfg = Debug|iPhone
		{C1419B59-2D9C-4D4B-BC3F-59AA5C19011D}.Debug|iPhone.Build.0 = Debug|iPhone
		{DD299C11-4DCB-4339-B388-F4FDAD64A581}.Debug|Any CPU.ActiveCfg = Debug|Any CPU
		{DD299C11-4DCB-4339-B388-F4FDAD64A581}.Debug|Any CPU.Build.0 = Debug|Any CPU
		{DD299C11-4DCB-4339-B388-F4FDAD64A581}.Release|Any CPU.ActiveCfg = Release|Any CPU
		{DD299C11-4DCB-4339-B388-F4FDAD64A581}.Release|Any CPU.Build.0 = Release|Any CPU
		{DD299C11-4DCB-4339-B388-F4FDAD64A581}.Debug|iPhoneSimulator.ActiveCfg = Debug|Any CPU
		{DD299C11-4DCB-4339-B388-F4FDAD64A581}.Debug|iPhoneSimulator.Build.0 = Debug|Any CPU
		{DD299C11-4DCB-4339-B388-F4FDAD64A581}.Release|iPhone.ActiveCfg = Release|Any CPU
		{DD299C11-4DCB-4339-B388-F4FDAD64A581}.Release|iPhone.Build.0 = Release|Any CPU
		{DD299C11-4DCB-4339-B388-F4FDAD64A581}.Release|iPhoneSimulator.ActiveCfg = Release|Any CPU
		{DD299C11-4DCB-4339-B388-F4FDAD64A581}.Release|iPhoneSimulator.Build.0 = Release|Any CPU
		{DD299C11-4DCB-4339-B388-F4FDAD64A581}.Debug|iPhone.ActiveCfg = Debug|Any CPU
		{DD299C11-4DCB-4339-B388-F4FDAD64A581}.Debug|iPhone.Build.0 = Debug|Any CPU
		{AD3C6512-53AF-4BF6-B12E-2B7D9CFC7046}.Debug|Any CPU.ActiveCfg = Debug|Any CPU
		{AD3C6512-53AF-4BF6-B12E-2B7D9CFC7046}.Debug|Any CPU.Build.0 = Debug|Any CPU
		{AD3C6512-53AF-4BF6-B12E-2B7D9CFC7046}.Release|Any CPU.ActiveCfg = Release|Any CPU
		{AD3C6512-53AF-4BF6-B12E-2B7D9CFC7046}.Release|Any CPU.Build.0 = Release|Any CPU
		{AD3C6512-53AF-4BF6-B12E-2B7D9CFC7046}.Debug|iPhoneSimulator.ActiveCfg = Debug|Any CPU
		{AD3C6512-53AF-4BF6-B12E-2B7D9CFC7046}.Debug|iPhoneSimulator.Build.0 = Debug|Any CPU
		{AD3C6512-53AF-4BF6-B12E-2B7D9CFC7046}.Release|iPhone.ActiveCfg = Release|Any CPU
		{AD3C6512-53AF-4BF6-B12E-2B7D9CFC7046}.Release|iPhone.Build.0 = Release|Any CPU
		{AD3C6512-53AF-4BF6-B12E-2B7D9CFC7046}.Release|iPhoneSimulator.ActiveCfg = Release|Any CPU
		{AD3C6512-53AF-4BF6-B12E-2B7D9CFC7046}.Release|iPhoneSimulator.Build.0 = Release|Any CPU
		{AD3C6512-53AF-4BF6-B12E-2B7D9CFC7046}.Debug|iPhone.ActiveCfg = Debug|Any CPU
		{AD3C6512-53AF-4BF6-B12E-2B7D9CFC7046}.Debug|iPhone.Build.0 = Debug|Any CPU
		{F9C9FD8E-02A4-4DCC-8B88-5D2BCEC968A5}.Debug|Any CPU.ActiveCfg = Debug|Any CPU
		{F9C9FD8E-02A4-4DCC-8B88-5D2BCEC968A5}.Debug|Any CPU.Build.0 = Debug|Any CPU
		{F9C9FD8E-02A4-4DCC-8B88-5D2BCEC968A5}.Release|Any CPU.ActiveCfg = Release|Any CPU
		{F9C9FD8E-02A4-4DCC-8B88-5D2BCEC968A5}.Release|Any CPU.Build.0 = Release|Any CPU
		{F9C9FD8E-02A4-4DCC-8B88-5D2BCEC968A5}.Debug|iPhoneSimulator.ActiveCfg = Debug|Any CPU
		{F9C9FD8E-02A4-4DCC-8B88-5D2BCEC968A5}.Debug|iPhoneSimulator.Build.0 = Debug|Any CPU
		{F9C9FD8E-02A4-4DCC-8B88-5D2BCEC968A5}.Release|iPhone.ActiveCfg = Release|Any CPU
		{F9C9FD8E-02A4-4DCC-8B88-5D2BCEC968A5}.Release|iPhone.Build.0 = Release|Any CPU
		{F9C9FD8E-02A4-4DCC-8B88-5D2BCEC968A5}.Release|iPhoneSimulator.ActiveCfg = Release|Any CPU
		{F9C9FD8E-02A4-4DCC-8B88-5D2BCEC968A5}.Release|iPhoneSimulator.Build.0 = Release|Any CPU
		{F9C9FD8E-02A4-4DCC-8B88-5D2BCEC968A5}.Debug|iPhone.ActiveCfg = Debug|Any CPU
		{F9C9FD8E-02A4-4DCC-8B88-5D2BCEC968A5}.Debug|iPhone.Build.0 = Debug|Any CPU
		{138FF7B2-D828-4693-8337-AA8A515B7BB8}.Debug|Any CPU.ActiveCfg = Debug|Any CPU
		{138FF7B2-D828-4693-8337-AA8A515B7BB8}.Debug|Any CPU.Build.0 = Debug|Any CPU
		{138FF7B2-D828-4693-8337-AA8A515B7BB8}.Release|Any CPU.ActiveCfg = Release|Any CPU
		{138FF7B2-D828-4693-8337-AA8A515B7BB8}.Release|Any CPU.Build.0 = Release|Any CPU
		{138FF7B2-D828-4693-8337-AA8A515B7BB8}.Debug|iPhoneSimulator.ActiveCfg = Debug|Any CPU
		{138FF7B2-D828-4693-8337-AA8A515B7BB8}.Debug|iPhoneSimulator.Build.0 = Debug|Any CPU
		{138FF7B2-D828-4693-8337-AA8A515B7BB8}.Release|iPhone.ActiveCfg = Release|Any CPU
		{138FF7B2-D828-4693-8337-AA8A515B7BB8}.Release|iPhone.Build.0 = Release|Any CPU
		{138FF7B2-D828-4693-8337-AA8A515B7BB8}.Release|iPhoneSimulator.ActiveCfg = Release|Any CPU
		{138FF7B2-D828-4693-8337-AA8A515B7BB8}.Release|iPhoneSimulator.Build.0 = Release|Any CPU
		{138FF7B2-D828-4693-8337-AA8A515B7BB8}.Debug|iPhone.ActiveCfg = Debug|Any CPU
		{138FF7B2-D828-4693-8337-AA8A515B7BB8}.Debug|iPhone.Build.0 = Debug|Any CPU
	EndGlobalSection
EndGlobal
